
Microsoft Visual Studio Solution File, Format Version 12.00
# Visual Studio 15
VisualStudioVersion = 15.0.27703.2026
MinimumVisualStudioVersion = 10.0.40219.1
Project("{8BC9CEB8-8B4A-11D0-8D11-00A0C91BC942}") = "BasicProblems", "BasicProblems.vcxproj", "{E488FE42-E2CD-4A5D-8B9C-DC08E294314B}"
EndProject
Global
	GlobalSection(SolutionConfigurationPlatforms) = preSolution
		Debug|x64 = Debug|x64
		Debug|x86 = Debug|x86
		Release|x64 = Release|x64
		Release|x86 = Release|x86
	EndGlobalSection
	GlobalSection(ProjectConfigurationPlatforms) = postSolution
		{E488FE42-E2CD-4A5D-8B9C-DC08E294314B}.Debug|x64.ActiveCfg = Debug|x64
		{E488FE42-E2CD-4A5D-8B9C-DC08E294314B}.Debug|x64.Build.0 = Debug|x64
		{E488FE42-E2CD-4A5D-8B9C-DC08E294314B}.Debug|x86.ActiveCfg = Debug|Win32
		{E488FE42-E2CD-4A5D-8B9C-DC08E294314B}.Debug|x86.Build.0 = Debug|Win32
		{E488FE42-E2CD-4A5D-8B9C-DC08E294314B}.Release|x64.ActiveCfg = Release|x64
		{E488FE42-E2CD-4A5D-8B9C-DC08E294314B}.Release|x64.Build.0 = Release|x64
		{E488FE42-E2CD-4A5D-8B9C-DC08E294314B}.Release|x86.ActiveCfg = Release|Win32
		{E488FE42-E2CD-4A5D-8B9C-DC08E294314B}.Release|x86.Build.0 = Release|Win32
	EndGlobalSection
	GlobalSection(SolutionProperties) = preSolution
		HideSolutionNode = FALSE
	EndGlobalSection
	GlobalSection(ExtensibilityGlobals) = postSolution
		SolutionGuid = {18448A1C-7362-40E3-A96D-5486B47AD196}
	EndGlobalSection
EndGlobal
